
Microsoft Visual Studio Solution File, Format Version 12.00
# Visual Studio Version 17
VisualStudioVersion = 17.11.35303.130
MinimumVisualStudioVersion = 10.0.40219.1
Project("{FAE04EC0-301F-11D3-BF4B-00C04F79EFBC}") = "HangMan", "HangMan\HangMan.csproj", "{F9E5CFB8-5A21-4B94-B0D3-2D3A6537CA06}"
EndProject
Global
	GlobalSection(SolutionConfigurationPlatforms) = preSolution
		Debug|Any CPU = Debug|Any CPU
		Release|Any CPU = Release|Any CPU
	EndGlobalSection
	GlobalSection(ProjectConfigurationPlatforms) = postSolution
		{F9E5CFB8-5A21-4B94-B0D3-2D3A6537CA06}.Debug|Any CPU.ActiveCfg = Debug|Any CPU
		{F9E5CFB8-5A21-4B94-B0D3-2D3A6537CA06}.Debug|Any CPU.Build.0 = Debug|Any CPU
		{F9E5CFB8-5A21-4B94-B0D3-2D3A6537CA06}.Release|Any CPU.ActiveCfg = Release|Any CPU
		{F9E5CFB8-5A21-4B94-B0D3-2D3A6537CA06}.Release|Any CPU.Build.0 = Release|Any CPU
	EndGlobalSection
	GlobalSection(SolutionProperties) = preSolution
		HideSolutionNode = FALSE
	EndGlobalSection
	GlobalSection(ExtensibilityGlobals) = postSolution
		SolutionGuid = {B602FE7B-498B-4DC2-9242-7B6D50A04294}
	EndGlobalSection
EndGlobal
